
Microsoft Visual Studio Solution File, Format Version 12.00
# Visual Studio 15
VisualStudioVersion = 15.0.28307.1022
MinimumVisualStudioVersion = 10.0.40219.1
Project("{FAE04EC0-301F-11D3-BF4B-00C04F79EFBC}") = "RestWithASPNETUdemy", "RestWithASPNETUdemy\RestWithASPNETUdemy.csproj", "{94A10DD9-3CF4-45C5-90B5-1CD43B05B5B4}"
EndProject
Global
	GlobalSection(SolutionConfigurationPlatforms) = preSolution
		Debug|Any CPU = Debug|Any CPU
		Release|Any CPU = Release|Any CPU
	EndGlobalSection
	GlobalSection(ProjectConfigurationPlatforms) = postSolution
		{94A10DD9-3CF4-45C5-90B5-1CD43B05B5B4}.Debug|Any CPU.ActiveCfg = Debug|Any CPU
		{94A10DD9-3CF4-45C5-90B5-1CD43B05B5B4}.Debug|Any CPU.Build.0 = Debug|Any CPU
		{94A10DD9-3CF4-45C5-90B5-1CD43B05B5B4}.Release|Any CPU.ActiveCfg = Release|Any CPU
		{94A10DD9-3CF4-45C5-90B5-1CD43B05B5B4}.Release|Any CPU.Build.0 = Release|Any CPU
	EndGlobalSection
	GlobalSection(SolutionProperties) = preSolution
		HideSolutionNode = FALSE
	EndGlobalSection
	GlobalSection(ExtensibilityGlobals) = postSolution
		SolutionGuid = {F24946B8-7743-44C5-975C-57987BF3AE53}
	EndGlobalSection
EndGlobal
